
Microsoft Visual Studio Solution File, Format Version 12.00
# Visual Studio Version 17
VisualStudioVersion = 17.7.34024.191
MinimumVisualStudioVersion = 10.0.40219.1
Project("{FAE04EC0-301F-11D3-BF4B-00C04F79EFBC}") = "Hypo", "Hypo\Hypo.csproj", "{086B9C42-C9A9-4A47-B608-A9DFAAA8BE90}"
EndProject
Global
	GlobalSection(SolutionConfigurationPlatforms) = preSolution
		Debug|Any CPU = Debug|Any CPU
		Release|Any CPU = Release|Any CPU
	EndGlobalSection
	GlobalSection(ProjectConfigurationPlatforms) = postSolution
		{086B9C42-C9A9-4A47-B608-A9DFAAA8BE90}.Debug|Any CPU.ActiveCfg = Debug|Any CPU
		{086B9C42-C9A9-4A47-B608-A9DFAAA8BE90}.Debug|Any CPU.Build.0 = Debug|Any CPU
		{086B9C42-C9A9-4A47-B608-A9DFAAA8BE90}.Release|Any CPU.ActiveCfg = Release|Any CPU
		{086B9C42-C9A9-4A47-B608-A9DFAAA8BE90}.Release|Any CPU.Build.0 = Release|Any CPU
	EndGlobalSection
	GlobalSection(SolutionProperties) = preSolution
		HideSolutionNode = FALSE
	EndGlobalSection
	GlobalSection(ExtensibilityGlobals) = postSolution
		SolutionGuid = {A8973BA7-BA02-4085-89BC-F916DDA5DF84}
	EndGlobalSection
EndGlobal
